
Microsoft Visual Studio Solution File, Format Version 12.00
# Visual Studio Version 17
VisualStudioVersion = 17.14.36511.14
MinimumVisualStudioVersion = 10.0.40219.1
Project("{2150E333-8FDC-42A3-9474-1A3956D46DE8}") = "Connector", "Connector", "{02EA681E-C7D8-13C7-8484-4AC65E1B71E8}"
EndProject
Project("{2150E333-8FDC-42A3-9474-1A3956D46DE8}") = "SharedKernel", "SharedKernel", "{EC4C8DEC-11BF-4CD5-8351-A95C6DED30D7}"
EndProject
Project("{FAE04EC0-301F-11D3-BF4B-00C04F79EFBC}") = "RTS.Service.Connector", "RTS.Service.Connector\RTS.Service.Connector.csproj", "{14B242BD-751C-A67C-41CC-281E276DAF7A}"
EndProject
Project("{FAE04EC0-301F-11D3-BF4B-00C04F79EFBC}") = "RTS.Service.Connector.Test", "RTS.Service.Connector.Test\RTS.Service.Connector.Test.csproj", "{DED18D6B-BB94-F024-3108-5C4C0D5FDD71}"
EndProject
Project("{FAE04EC0-301F-11D3-BF4B-00C04F79EFBC}") = "RTS.SharedKernel", "RTS.SharedKernel\RTS.SharedKernel.csproj", "{B6534E4A-B57F-DB04-2E3B-D1095831D96F}"
EndProject
Project("{FAE04EC0-301F-11D3-BF4B-00C04F79EFBC}") = "RTS.SharedKernel.Test", "RTS.SharedKernel.Test\RTS.SharedKernel.Test.csproj", "{90CD7905-A817-0375-03F4-86859454F7C0}"
EndProject
Global
	GlobalSection(SolutionConfigurationPlatforms) = preSolution
		Debug|Any CPU = Debug|Any CPU
		Release|Any CPU = Release|Any CPU
	EndGlobalSection
	GlobalSection(ProjectConfigurationPlatforms) = postSolution
		{14B242BD-751C-A67C-41CC-281E276DAF7A}.Debug|Any CPU.ActiveCfg = Debug|Any CPU
		{14B242BD-751C-A67C-41CC-281E276DAF7A}.Debug|Any CPU.Build.0 = Debug|Any CPU
		{14B242BD-751C-A67C-41CC-281E276DAF7A}.Release|Any CPU.ActiveCfg = Release|Any CPU
		{14B242BD-751C-A67C-41CC-281E276DAF7A}.Release|Any CPU.Build.0 = Release|Any CPU
		{DED18D6B-BB94-F024-3108-5C4C0D5FDD71}.Debug|Any CPU.ActiveCfg = Debug|Any CPU
		{DED18D6B-BB94-F024-3108-5C4C0D5FDD71}.Debug|Any CPU.Build.0 = Debug|Any CPU
		{DED18D6B-BB94-F024-3108-5C4C0D5FDD71}.Release|Any CPU.ActiveCfg = Release|Any CPU
		{DED18D6B-BB94-F024-3108-5C4C0D5FDD71}.Release|Any CPU.Build.0 = Release|Any CPU
		{B6534E4A-B57F-DB04-2E3B-D1095831D96F}.Debug|Any CPU.ActiveCfg = Debug|Any CPU
		{B6534E4A-B57F-DB04-2E3B-D1095831D96F}.Debug|Any CPU.Build.0 = Debug|Any CPU
		{B6534E4A-B57F-DB04-2E3B-D1095831D96F}.Release|Any CPU.ActiveCfg = Release|Any CPU
		{B6534E4A-B57F-DB04-2E3B-D1095831D96F}.Release|Any CPU.Build.0 = Release|Any CPU
		{90CD7905-A817-0375-03F4-86859454F7C0}.Debug|Any CPU.ActiveCfg = Debug|Any CPU
		{90CD7905-A817-0375-03F4-86859454F7C0}.Debug|Any CPU.Build.0 = Debug|Any CPU
		{90CD7905-A817-0375-03F4-86859454F7C0}.Release|Any CPU.ActiveCfg = Release|Any CPU
		{90CD7905-A817-0375-03F4-86859454F7C0}.Release|Any CPU.Build.0 = Release|Any CPU
	EndGlobalSection
	GlobalSection(SolutionProperties) = preSolution
		HideSolutionNode = FALSE
	EndGlobalSection
	GlobalSection(NestedProjects) = preSolution
		{14B242BD-751C-A67C-41CC-281E276DAF7A} = {02EA681E-C7D8-13C7-8484-4AC65E1B71E8}
		{DED18D6B-BB94-F024-3108-5C4C0D5FDD71} = {02EA681E-C7D8-13C7-8484-4AC65E1B71E8}
		{B6534E4A-B57F-DB04-2E3B-D1095831D96F} = {EC4C8DEC-11BF-4CD5-8351-A95C6DED30D7}
		{90CD7905-A817-0375-03F4-86859454F7C0} = {EC4C8DEC-11BF-4CD5-8351-A95C6DED30D7}
	EndGlobalSection
	GlobalSection(ExtensibilityGlobals) = postSolution
		SolutionGuid = {F2C33FB4-7BEE-4AD0-AA0B-5AC745C4D3BC}
	EndGlobalSection
EndGlobal
