Microsoft Visual Studio Solution File, Format Version 12.00
# Visual Studio Version 17
VisualStudioVersion = 17.5.2.0
MinimumVisualStudioVersion = 10.0.40219.1
Project("{FAE04EC0-301F-11D3-BF4B-00C04F79EFBC}") = "RTS.Service.Connector", "RTS.Service.Connector.csproj", "{856E4B2C-E824-1188-5DC8-2AE3EDE5897D}"
EndProject
Global
	GlobalSection(SolutionConfigurationPlatforms) = preSolution
		Debug|Any CPU = Debug|Any CPU
		Release|Any CPU = Release|Any CPU
	EndGlobalSection
	GlobalSection(ProjectConfigurationPlatforms) = postSolution
		{856E4B2C-E824-1188-5DC8-2AE3EDE5897D}.Debug|Any CPU.ActiveCfg = Debug|Any CPU
		{856E4B2C-E824-1188-5DC8-2AE3EDE5897D}.Debug|Any CPU.Build.0 = Debug|Any CPU
		{856E4B2C-E824-1188-5DC8-2AE3EDE5897D}.Release|Any CPU.ActiveCfg = Release|Any CPU
		{856E4B2C-E824-1188-5DC8-2AE3EDE5897D}.Release|Any CPU.Build.0 = Release|Any CPU
	EndGlobalSection
	GlobalSection(SolutionProperties) = preSolution
		HideSolutionNode = FALSE
	EndGlobalSection
	GlobalSection(ExtensibilityGlobals) = postSolution
		SolutionGuid = {29C02B87-A359-489D-8D42-C7ACF9896B0B}
	EndGlobalSection
EndGlobal
